// !$*UTF8*$!
{
	archiveVersion = 1;
	classes = {
	};
	objectVersion = 50;
	objects = {

/* Begin PBXBuildFile section */
		CA57F0AC25899BB200E790B1 /* main.cpp in Sources */ = {isa = PBXBuildFile; fileRef = CA57F0AB25899BB200E790B1 /* main.cpp */; };
		CA57F0B525899D6E00E790B1 /* Transport.cpp in Sources */ = {isa = PBXBuildFile; fileRef = CA57F0B325899D6E00E790B1 /* Transport.cpp */; };
		CA57F0BA25899F2B00E790B1 /* GroundTransport.cpp in Sources */ = {isa = PBXBuildFile; fileRef = CA57F0B825899F2B00E790B1 /* GroundTransport.cpp */; };
		CA57F0BF2589A43A00E790B1 /* AirTransport.cpp in Sources */ = {isa = PBXBuildFile; fileRef = CA57F0BD2589A43A00E790B1 /* AirTransport.cpp */; };
		CA57F0C32589A59500E790B1 /* Capter.cpp in Sources */ = {isa = PBXBuildFile; fileRef = CA57F0C12589A59500E790B1 /* Capter.cpp */; };
		CA57F0C72589A6D700E790B1 /* Mortar.cpp in Sources */ = {isa = PBXBuildFile; fileRef = CA57F0C52589A6D700E790B1 /* Mortar.cpp */; };
		CA57F0CB2589A73600E790B1 /* Besom.cpp in Sources */ = {isa = PBXBuildFile; fileRef = CA57F0C92589A73600E790B1 /* Besom.cpp */; };
		CA57F0CF2589A7BA00E790B1 /* Shoes.cpp in Sources */ = {isa = PBXBuildFile; fileRef = CA57F0CD2589A7BA00E790B1 /* Shoes.cpp */; };
		CA57F0D32589A8DF00E790B1 /* Centaur.cpp in Sources */ = {isa = PBXBuildFile; fileRef = CA57F0D12589A8DF00E790B1 /* Centaur.cpp */; };
		CA57F0D72589A96A00E790B1 /* BCamel.cpp in Sources */ = {isa = PBXBuildFile; fileRef = CA57F0D52589A96A00E790B1 /* BCamel.cpp */; };
		CA57F0DB2589A9A000E790B1 /* Camel.cpp in Sources */ = {isa = PBXBuildFile; fileRef = CA57F0D92589A9A000E790B1 /* Camel.cpp */; };
		CA57F0DF2589AA6F00E790B1 /* fabric.cpp in Sources */ = {isa = PBXBuildFile; fileRef = CA57F0DD2589AA6F00E790B1 /* fabric.cpp */; };
		CA57F0E22589AAA100E790B1 /* TransportEnum.cpp in Sources */ = {isa = PBXBuildFile; fileRef = CA57F0E12589AAA100E790B1 /* TransportEnum.cpp */; };
		CA57F0E62589AF7B00E790B1 /* Race.cpp in Sources */ = {isa = PBXBuildFile; fileRef = CA57F0E42589AF7B00E790B1 /* Race.cpp */; };
		CA57F0EA2589B04500E790B1 /* TypeOfRaces.cpp in Sources */ = {isa = PBXBuildFile; fileRef = CA57F0E82589B04500E790B1 /* TypeOfRaces.cpp */; };
/* End PBXBuildFile section */

/* Begin PBXCopyFilesBuildPhase section */
		CA57F0A625899BB200E790B1 /* CopyFiles */ = {
			isa = PBXCopyFilesBuildPhase;
			buildActionMask = 2147483647;
			dstPath = /usr/share/man/man1/;
			dstSubfolderSpec = 0;
			files = (
			);
			runOnlyForDeploymentPostprocessing = 1;
		};
/* End PBXCopyFilesBuildPhase section */

/* Begin PBXFileReference section */
		CA57F0A825899BB200E790B1 /* lab3CPP */ = {isa = PBXFileReference; explicitFileType = "compiled.mach-o.executable"; includeInIndex = 0; path = lab3CPP; sourceTree = BUILT_PRODUCTS_DIR; };
		CA57F0AB25899BB200E790B1 /* main.cpp */ = {isa = PBXFileReference; lastKnownFileType = sourcecode.cpp.cpp; path = main.cpp; sourceTree = "<group>"; };
		CA57F0B325899D6E00E790B1 /* Transport.cpp */ = {isa = PBXFileReference; lastKnownFileType = sourcecode.cpp.cpp; path = Transport.cpp; sourceTree = "<group>"; };
		CA57F0B425899D6E00E790B1 /* Transport.hpp */ = {isa = PBXFileReference; lastKnownFileType = sourcecode.cpp.h; path = Transport.hpp; sourceTree = "<group>"; };
		CA57F0B825899F2B00E790B1 /* GroundTransport.cpp */ = {isa = PBXFileReference; lastKnownFileType = sourcecode.cpp.cpp; path = GroundTransport.cpp; sourceTree = "<group>"; };
		CA57F0B925899F2B00E790B1 /* GroundTransport.hpp */ = {isa = PBXFileReference; lastKnownFileType = sourcecode.cpp.h; path = GroundTransport.hpp; sourceTree = "<group>"; };
		CA57F0BD2589A43A00E790B1 /* AirTransport.cpp */ = {isa = PBXFileReference; lastKnownFileType = sourcecode.cpp.cpp; path = AirTransport.cpp; sourceTree = "<group>"; };
		CA57F0BE2589A43A00E790B1 /* AirTransport.hpp */ = {isa = PBXFileReference; lastKnownFileType = sourcecode.cpp.h; path = AirTransport.hpp; sourceTree = "<group>"; };
		CA57F0C12589A59500E790B1 /* Capter.cpp */ = {isa = PBXFileReference; lastKnownFileType = sourcecode.cpp.cpp; path = Capter.cpp; sourceTree = "<group>"; };
		CA57F0C22589A59500E790B1 /* Capter.hpp */ = {isa = PBXFileReference; lastKnownFileType = sourcecode.cpp.h; path = Capter.hpp; sourceTree = "<group>"; };
		CA57F0C52589A6D700E790B1 /* Mortar.cpp */ = {isa = PBXFileReference; lastKnownFileType = sourcecode.cpp.cpp; path = Mortar.cpp; sourceTree = "<group>"; };
		CA57F0C62589A6D700E790B1 /* Mortar.hpp */ = {isa = PBXFileReference; lastKnownFileType = sourcecode.cpp.h; path = Mortar.hpp; sourceTree = "<group>"; };
		CA57F0C92589A73600E790B1 /* Besom.cpp */ = {isa = PBXFileReference; lastKnownFileType = sourcecode.cpp.cpp; path = Besom.cpp; sourceTree = "<group>"; };
		CA57F0CA2589A73600E790B1 /* Besom.hpp */ = {isa = PBXFileReference; lastKnownFileType = sourcecode.cpp.h; path = Besom.hpp; sourceTree = "<group>"; };
		CA57F0CD2589A7BA00E790B1 /* Shoes.cpp */ = {isa = PBXFileReference; lastKnownFileType = sourcecode.cpp.cpp; path = Shoes.cpp; sourceTree = "<group>"; };
		CA57F0CE2589A7BA00E790B1 /* Shoes.hpp */ = {isa = PBXFileReference; lastKnownFileType = sourcecode.cpp.h; path = Shoes.hpp; sourceTree = "<group>"; };
		CA57F0D12589A8DF00E790B1 /* Centaur.cpp */ = {isa = PBXFileReference; lastKnownFileType = sourcecode.cpp.cpp; path = Centaur.cpp; sourceTree = "<group>"; };
		CA57F0D22589A8DF00E790B1 /* Centaur.hpp */ = {isa = PBXFileReference; lastKnownFileType = sourcecode.cpp.h; path = Centaur.hpp; sourceTree = "<group>"; };
		CA57F0D52589A96A00E790B1 /* BCamel.cpp */ = {isa = PBXFileReference; lastKnownFileType = sourcecode.cpp.cpp; path = BCamel.cpp; sourceTree = "<group>"; };
		CA57F0D62589A96A00E790B1 /* BCamel.hpp */ = {isa = PBXFileReference; lastKnownFileType = sourcecode.cpp.h; path = BCamel.hpp; sourceTree = "<group>"; };
		CA57F0D92589A9A000E790B1 /* Camel.cpp */ = {isa = PBXFileReference; lastKnownFileType = sourcecode.cpp.cpp; path = Camel.cpp; sourceTree = "<group>"; };
		CA57F0DA2589A9A000E790B1 /* Camel.hpp */ = {isa = PBXFileReference; lastKnownFileType = sourcecode.cpp.h; path = Camel.hpp; sourceTree = "<group>"; };
		CA57F0DD2589AA6F00E790B1 /* fabric.cpp */ = {isa = PBXFileReference; lastKnownFileType = sourcecode.cpp.cpp; path = fabric.cpp; sourceTree = "<group>"; };
		CA57F0DE2589AA6F00E790B1 /* fabric.hpp */ = {isa = PBXFileReference; lastKnownFileType = sourcecode.cpp.h; path = fabric.hpp; sourceTree = "<group>"; };
		CA57F0E12589AAA100E790B1 /* TransportEnum.cpp */ = {isa = PBXFileReference; lastKnownFileType = sourcecode.cpp.cpp; path = TransportEnum.cpp; sourceTree = "<group>"; };
		CA57F0E42589AF7B00E790B1 /* Race.cpp */ = {isa = PBXFileReference; lastKnownFileType = sourcecode.cpp.cpp; path = Race.cpp; sourceTree = "<group>"; };
		CA57F0E52589AF7B00E790B1 /* Race.hpp */ = {isa = PBXFileReference; lastKnownFileType = sourcecode.cpp.h; path = Race.hpp; sourceTree = "<group>"; };
		CA57F0E82589B04500E790B1 /* TypeOfRaces.cpp */ = {isa = PBXFileReference; lastKnownFileType = sourcecode.cpp.cpp; path = TypeOfRaces.cpp; sourceTree = "<group>"; };
		CA57F0E92589B04500E790B1 /* TypeOfRaces.hpp */ = {isa = PBXFileReference; lastKnownFileType = sourcecode.cpp.h; path = TypeOfRaces.hpp; sourceTree = "<group>"; };
/* End PBXFileReference section */

/* Begin PBXFrameworksBuildPhase section */
		CA57F0A525899BB200E790B1 /* Frameworks */ = {
			isa = PBXFrameworksBuildPhase;
			buildActionMask = 2147483647;
			files = (
			);
			runOnlyForDeploymentPostprocessing = 0;
		};
/* End PBXFrameworksBuildPhase section */

/* Begin PBXGroup section */
		CA57F09F25899BB200E790B1 = {
			isa = PBXGroup;
			children = (
				CA57F0AA25899BB200E790B1 /* lab3CPP */,
				CA57F0A925899BB200E790B1 /* Products */,
			);
			sourceTree = "<group>";
		};
		CA57F0A925899BB200E790B1 /* Products */ = {
			isa = PBXGroup;
			children = (
				CA57F0A825899BB200E790B1 /* lab3CPP */,
			);
			name = Products;
			sourceTree = "<group>";
		};
		CA57F0AA25899BB200E790B1 /* lab3CPP */ = {
			isa = PBXGroup;
			children = (
				CA57F0C22589A59500E790B1 /* Capter.hpp */,
				CA57F0C12589A59500E790B1 /* Capter.cpp */,
				CA57F0C52589A6D700E790B1 /* Mortar.cpp */,
				CA57F0C62589A6D700E790B1 /* Mortar.hpp */,
				CA57F0C92589A73600E790B1 /* Besom.cpp */,
				CA57F0CA2589A73600E790B1 /* Besom.hpp */,
				CA57F0BE2589A43A00E790B1 /* AirTransport.hpp */,
				CA57F0B925899F2B00E790B1 /* GroundTransport.hpp */,
				CA57F0CD2589A7BA00E790B1 /* Shoes.cpp */,
				CA57F0CE2589A7BA00E790B1 /* Shoes.hpp */,
				CA57F0D12589A8DF00E790B1 /* Centaur.cpp */,
				CA57F0D22589A8DF00E790B1 /* Centaur.hpp */,
				CA57F0D52589A96A00E790B1 /* BCamel.cpp */,
				CA57F0D62589A96A00E790B1 /* BCamel.hpp */,
				CA57F0D92589A9A000E790B1 /* Camel.cpp */,
				CA57F0DA2589A9A000E790B1 /* Camel.hpp */,
				CA57F0AB25899BB200E790B1 /* main.cpp */,
				CA57F0B325899D6E00E790B1 /* Transport.cpp */,
				CA57F0B425899D6E00E790B1 /* Transport.hpp */,
				CA57F0B825899F2B00E790B1 /* GroundTransport.cpp */,
				CA57F0BD2589A43A00E790B1 /* AirTransport.cpp */,
				CA57F0DD2589AA6F00E790B1 /* fabric.cpp */,
				CA57F0DE2589AA6F00E790B1 /* fabric.hpp */,
				CA57F0E12589AAA100E790B1 /* TransportEnum.cpp */,
				CA57F0E42589AF7B00E790B1 /* Race.cpp */,
				CA57F0E52589AF7B00E790B1 /* Race.hpp */,
				CA57F0E82589B04500E790B1 /* TypeOfRaces.cpp */,
				CA57F0E92589B04500E790B1 /* TypeOfRaces.hpp */,
			);
			path = lab3CPP;
			sourceTree = "<group>";
		};
/* End PBXGroup section */

/* Begin PBXNativeTarget section */
		CA57F0A725899BB200E790B1 /* lab3CPP */ = {
			isa = PBXNativeTarget;
			buildConfigurationList = CA57F0AF25899BB200E790B1 /* Build configuration list for PBXNativeTarget "lab3CPP" */;
			buildPhases = (
				CA57F0A425899BB200E790B1 /* Sources */,
				CA57F0A525899BB200E790B1 /* Frameworks */,
				CA57F0A625899BB200E790B1 /* CopyFiles */,
			);
			buildRules = (
			);
			dependencies = (
			);
			name = lab3CPP;
			productName = lab3CPP;
			productReference = CA57F0A825899BB200E790B1 /* lab3CPP */;
			productType = "com.apple.product-type.tool";
		};
/* End PBXNativeTarget section */

/* Begin PBXProject section */
		CA57F0A025899BB200E790B1 /* Project object */ = {
			isa = PBXProject;
			attributes = {
				LastUpgradeCheck = 1200;
				TargetAttributes = {
					CA57F0A725899BB200E790B1 = {
						CreatedOnToolsVersion = 12.0.1;
					};
				};
			};
			buildConfigurationList = CA57F0A325899BB200E790B1 /* Build configuration list for PBXProject "lab3CPP" */;
			compatibilityVersion = "Xcode 9.3";
			developmentRegion = en;
			hasScannedForEncodings = 0;
			knownRegions = (
				en,
				Base,
			);
			mainGroup = CA57F09F25899BB200E790B1;
			productRefGroup = CA57F0A925899BB200E790B1 /* Products */;
			projectDirPath = "";
			projectRoot = "";
			targets = (
				CA57F0A725899BB200E790B1 /* lab3CPP */,
			);
		};
/* End PBXProject section */

/* Begin PBXSourcesBuildPhase section */
		CA57F0A425899BB200E790B1 /* Sources */ = {
			isa = PBXSourcesBuildPhase;
			buildActionMask = 2147483647;
			files = (
				CA57F0E62589AF7B00E790B1 /* Race.cpp in Sources */,
				CA57F0C72589A6D700E790B1 /* Mortar.cpp in Sources */,
				CA57F0EA2589B04500E790B1 /* TypeOfRaces.cpp in Sources */,
				CA57F0CB2589A73600E790B1 /* Besom.cpp in Sources */,
				CA57F0AC25899BB200E790B1 /* main.cpp in Sources */,
				CA57F0B525899D6E00E790B1 /* Transport.cpp in Sources */,
				CA57F0D32589A8DF00E790B1 /* Centaur.cpp in Sources */,
				CA57F0CF2589A7BA00E790B1 /* Shoes.cpp in Sources */,
				CA57F0C32589A59500E790B1 /* Capter.cpp in Sources */,
				CA57F0BF2589A43A00E790B1 /* AirTransport.cpp in Sources */,
				CA57F0BA25899F2B00E790B1 /* GroundTransport.cpp in Sources */,
				CA57F0D72589A96A00E790B1 /* BCamel.cpp in Sources */,
				CA57F0E22589AAA100E790B1 /* TransportEnum.cpp in Sources */,
				CA57F0DF2589AA6F00E790B1 /* fabric.cpp in Sources */,
				CA57F0DB2589A9A000E790B1 /* Camel.cpp in Sources */,
			);
			runOnlyForDeploymentPostprocessing = 0;
		};
/* End PBXSourcesBuildPhase section */

/* Begin XCBuildConfiguration section */
		CA57F0AD25899BB200E790B1 /* Debug */ = {
			isa = XCBuildConfiguration;
			buildSettings = {
				ALWAYS_SEARCH_USER_PATHS = NO;
				CLANG_ANALYZER_NONNULL = YES;
				CLANG_ANALYZER_NUMBER_OBJECT_CONVERSION = YES_AGGRESSIVE;
				CLANG_CXX_LANGUAGE_STANDARD = "gnu++14";
				CLANG_CXX_LIBRARY = "libc++";
				CLANG_ENABLE_MODULES = YES;
				CLANG_ENABLE_OBJC_ARC = YES;
				CLANG_ENABLE_OBJC_WEAK = YES;
				CLANG_WARN_BLOCK_CAPTURE_AUTORELEASING = YES;
				CLANG_WARN_BOOL_CONVERSION = YES;
				CLANG_WARN_COMMA = YES;
				CLANG_WARN_CONSTANT_CONVERSION = YES;
				CLANG_WARN_DEPRECATED_OBJC_IMPLEMENTATIONS = YES;
				CLANG_WARN_DIRECT_OBJC_ISA_USAGE = YES_ERROR;
				CLANG_WARN_DOCUMENTATION_COMMENTS = YES;
				CLANG_WARN_EMPTY_BODY = YES;
				CLANG_WARN_ENUM_CONVERSION = YES;
				CLANG_WARN_INFINITE_RECURSION = YES;
				CLANG_WARN_INT_CONVERSION = YES;
				CLANG_WARN_NON_LITERAL_NULL_CONVERSION = YES;
				CLANG_WARN_OBJC_IMPLICIT_RETAIN_SELF = YES;
				CLANG_WARN_OBJC_LITERAL_CONVERSION = YES;
				CLANG_WARN_OBJC_ROOT_CLASS = YES_ERROR;
				CLANG_WARN_QUOTED_INCLUDE_IN_FRAMEWORK_HEADER = YES;
				CLANG_WARN_RANGE_LOOP_ANALYSIS = YES;
				CLANG_WARN_STRICT_PROTOTYPES = YES;
				CLANG_WARN_SUSPICIOUS_MOVE = YES;
				CLANG_WARN_UNGUARDED_AVAILABILITY = YES_AGGRESSIVE;
				CLANG_WARN_UNREACHABLE_CODE = YES;
				CLANG_WARN__DUPLICATE_METHOD_MATCH = YES;
				COPY_PHASE_STRIP = NO;
				DEBUG_INFORMATION_FORMAT = dwarf;
				ENABLE_STRICT_OBJC_MSGSEND = YES;
				ENABLE_TESTABILITY = YES;
				GCC_C_LANGUAGE_STANDARD = gnu11;
				GCC_DYNAMIC_NO_PIC = NO;
				GCC_NO_COMMON_BLOCKS = YES;
				GCC_OPTIMIZATION_LEVEL = 0;
				GCC_PREPROCESSOR_DEFINITIONS = (
					"DEBUG=1",
					"$(inherited)",
				);
				GCC_WARN_64_TO_32_BIT_CONVERSION = YES;
				GCC_WARN_ABOUT_RETURN_TYPE = YES_ERROR;
				GCC_WARN_UNDECLARED_SELECTOR = YES;
				GCC_WARN_UNINITIALIZED_AUTOS = YES_AGGRESSIVE;
				GCC_WARN_UNUSED_FUNCTION = YES;
				GCC_WARN_UNUSED_VARIABLE = YES;
				MACOSX_DEPLOYMENT_TARGET = 10.15;
				MTL_ENABLE_DEBUG_INFO = INCLUDE_SOURCE;
				MTL_FAST_MATH = YES;
				ONLY_ACTIVE_ARCH = YES;
				SDKROOT = macosx;
			};
			name = Debug;
		};
		CA57F0AE25899BB200E790B1 /* Release */ = {
			isa = XCBuildConfiguration;
			buildSettings = {
				ALWAYS_SEARCH_USER_PATHS = NO;
				CLANG_ANALYZER_NONNULL = YES;
				CLANG_ANALYZER_NUMBER_OBJECT_CONVERSION = YES_AGGRESSIVE;
				CLANG_CXX_LANGUAGE_STANDARD = "gnu++14";
				CLANG_CXX_LIBRARY = "libc++";
				CLANG_ENABLE_MODULES = YES;
				CLANG_ENABLE_OBJC_ARC = YES;
				CLANG_ENABLE_OBJC_WEAK = YES;
				CLANG_WARN_BLOCK_CAPTURE_AUTORELEASING = YES;
				CLANG_WARN_BOOL_CONVERSION = YES;
				CLANG_WARN_COMMA = YES;
				CLANG_WARN_CONSTANT_CONVERSION = YES;
				CLANG_WARN_DEPRECATED_OBJC_IMPLEMENTATIONS = YES;
				CLANG_WARN_DIRECT_OBJC_ISA_USAGE = YES_ERROR;
				CLANG_WARN_DOCUMENTATION_COMMENTS = YES;
				CLANG_WARN_EMPTY_BODY = YES;
				CLANG_WARN_ENUM_CONVERSION = YES;
				CLANG_WARN_INFINITE_RECURSION = YES;
				CLANG_WARN_INT_CONVERSION = YES;
				CLANG_WARN_NON_LITERAL_NULL_CONVERSION = YES;
				CLANG_WARN_OBJC_IMPLICIT_RETAIN_SELF = YES;
				CLANG_WARN_OBJC_LITERAL_CONVERSION = YES;
				CLANG_WARN_OBJC_ROOT_CLASS = YES_ERROR;
				CLANG_WARN_QUOTED_INCLUDE_IN_FRAMEWORK_HEADER = YES;
				CLANG_WARN_RANGE_LOOP_ANALYSIS = YES;
				CLANG_WARN_STRICT_PROTOTYPES = YES;
				CLANG_WARN_SUSPICIOUS_MOVE = YES;
				CLANG_WARN_UNGUARDED_AVAILABILITY = YES_AGGRESSIVE;
				CLANG_WARN_UNREACHABLE_CODE = YES;
				CLANG_WARN__DUPLICATE_METHOD_MATCH = YES;
				COPY_PHASE_STRIP = NO;
				DEBUG_INFORMATION_FORMAT = "dwarf-with-dsym";
				ENABLE_NS_ASSERTIONS = NO;
				ENABLE_STRICT_OBJC_MSGSEND = YES;
				GCC_C_LANGUAGE_STANDARD = gnu11;
				GCC_NO_COMMON_BLOCKS = YES;
				GCC_WARN_64_TO_32_BIT_CONVERSION = YES;
				GCC_WARN_ABOUT_RETURN_TYPE = YES_ERROR;
				GCC_WARN_UNDECLARED_SELECTOR = YES;
				GCC_WARN_UNINITIALIZED_AUTOS = YES_AGGRESSIVE;
				GCC_WARN_UNUSED_FUNCTION = YES;
				GCC_WARN_UNUSED_VARIABLE = YES;
				MACOSX_DEPLOYMENT_TARGET = 10.15;
				MTL_ENABLE_DEBUG_INFO = NO;
				MTL_FAST_MATH = YES;
				SDKROOT = macosx;
			};
			name = Release;
		};
		CA57F0B025899BB200E790B1 /* Debug */ = {
			isa = XCBuildConfiguration;
			buildSettings = {
				CODE_SIGN_STYLE = Automatic;
				DEVELOPMENT_TEAM = ZM28Y4MK54;
				ENABLE_HARDENED_RUNTIME = YES;
				PRODUCT_NAME = "$(TARGET_NAME)";
			};
			name = Debug;
		};
		CA57F0B125899BB200E790B1 /* Release */ = {
			isa = XCBuildConfiguration;
			buildSettings = {
				CODE_SIGN_STYLE = Automatic;
				DEVELOPMENT_TEAM = ZM28Y4MK54;
				ENABLE_HARDENED_RUNTIME = YES;
				PRODUCT_NAME = "$(TARGET_NAME)";
			};
			name = Release;
		};
/* End XCBuildConfiguration section */

/* Begin XCConfigurationList section */
		CA57F0A325899BB200E790B1 /* Build configuration list for PBXProject "lab3CPP" */ = {
			isa = XCConfigurationList;
			buildConfigurations = (
				CA57F0AD25899BB200E790B1 /* Debug */,
				CA57F0AE25899BB200E790B1 /* Release */,
			);
			defaultConfigurationIsVisible = 0;
			defaultConfigurationName = Release;
		};
		CA57F0AF25899BB200E790B1 /* Build configuration list for PBXNativeTarget "lab3CPP" */ = {
			isa = XCConfigurationList;
			buildConfigurations = (
				CA57F0B025899BB200E790B1 /* Debug */,
				CA57F0B125899BB200E790B1 /* Release */,
			);
			defaultConfigurationIsVisible = 0;
			defaultConfigurationName = Release;
		};
/* End XCConfigurationList section */
	};
	rootObject = CA57F0A025899BB200E790B1 /* Project object */;
}
